
Microsoft Visual Studio Solution File, Format Version 12.00
# Visual Studio Version 17
VisualStudioVersion = 17.5.33424.131
MinimumVisualStudioVersion = 10.0.40219.1
Project("{9A19103F-16F7-4668-BE54-9A1E7A4F7556}") = "assignment2.2", "assignment2.2\assignment2.2.csproj", "{7DDF2360-A907-48A2-9404-4D1944FC6B1D}"
EndProject
Project("{FAE04EC0-301F-11D3-BF4B-00C04F79EFBC}") = "assignment2.2__Unit-tests", "assignment2.2__Unit-tests\assignment2.2__Unit-tests.csproj", "{69CEFBA2-97FE-4501-81A2-76DCC74BA68C}"
EndProject
Global
	GlobalSection(SolutionConfigurationPlatforms) = preSolution
		Debug|Any CPU = Debug|Any CPU
		Release|Any CPU = Release|Any CPU
	EndGlobalSection
	GlobalSection(ProjectConfigurationPlatforms) = postSolution
		{7DDF2360-A907-48A2-9404-4D1944FC6B1D}.Debug|Any CPU.ActiveCfg = Debug|Any CPU
		{7DDF2360-A907-48A2-9404-4D1944FC6B1D}.Debug|Any CPU.Build.0 = Debug|Any CPU
		{7DDF2360-A907-48A2-9404-4D1944FC6B1D}.Release|Any CPU.ActiveCfg = Release|Any CPU
		{7DDF2360-A907-48A2-9404-4D1944FC6B1D}.Release|Any CPU.Build.0 = Release|Any CPU
		{69CEFBA2-97FE-4501-81A2-76DCC74BA68C}.Debug|Any CPU.ActiveCfg = Debug|Any CPU
		{69CEFBA2-97FE-4501-81A2-76DCC74BA68C}.Debug|Any CPU.Build.0 = Debug|Any CPU
		{69CEFBA2-97FE-4501-81A2-76DCC74BA68C}.Release|Any CPU.ActiveCfg = Release|Any CPU
		{69CEFBA2-97FE-4501-81A2-76DCC74BA68C}.Release|Any CPU.Build.0 = Release|Any CPU
	EndGlobalSection
	GlobalSection(SolutionProperties) = preSolution
		HideSolutionNode = FALSE
	EndGlobalSection
	GlobalSection(ExtensibilityGlobals) = postSolution
		SolutionGuid = {C6575B5F-3C99-4017-8CB8-E82CA8C553C3}
	EndGlobalSection
EndGlobal
